
Microsoft Visual Studio Solution File, Format Version 12.00
# Visual Studio Version 17
VisualStudioVersion = 17.0.32126.317
MinimumVisualStudioVersion = 10.0.40219.1
Project("{FAE04EC0-301F-11D3-BF4B-00C04F79EFBC}") = "API", "API\API.csproj", "{46469DA2-E16F-4DDB-B19E-0FA9DF77C2D4}"
EndProject
Global
	GlobalSection(SolutionConfigurationPlatforms) = preSolution
		Debug|Any CPU = Debug|Any CPU
		Release|Any CPU = Release|Any CPU
	EndGlobalSection
	GlobalSection(ProjectConfigurationPlatforms) = postSolution
		{46469DA2-E16F-4DDB-B19E-0FA9DF77C2D4}.Debug|Any CPU.ActiveCfg = Debug|Any CPU
		{46469DA2-E16F-4DDB-B19E-0FA9DF77C2D4}.Debug|Any CPU.Build.0 = Debug|Any CPU
		{46469DA2-E16F-4DDB-B19E-0FA9DF77C2D4}.Release|Any CPU.ActiveCfg = Release|Any CPU
		{46469DA2-E16F-4DDB-B19E-0FA9DF77C2D4}.Release|Any CPU.Build.0 = Release|Any CPU
	EndGlobalSection
	GlobalSection(SolutionProperties) = preSolution
		HideSolutionNode = FALSE
	EndGlobalSection
	GlobalSection(ExtensibilityGlobals) = postSolution
		SolutionGuid = {16CFBDCA-5FB6-467F-A355-F42D8C9CCDAB}
	EndGlobalSection
EndGlobal
